{
  "name": "university-hub-v2",
  "version": "0.0.0",
  "lockfileVersion": 3,
  "requires": true,
  "packages": {
    "": {
      "name": "university-hub-v2",
      "version": "0.0.0",
      "workspaces": [
        "apps/*",
        "packages/*"
      ],
      "devDependencies": {
        "typescript": "5.6.3"
      },
      "engines": {
        "node": ">=20"
      }
    },
    "apps/web": {
      "name": "@university-hub/web",
      "version": "0.0.0",
      "dependencies": {
        "@university-hub/shared": "*"
      }
    },
    "apps/worker": {
      "name": "@university-hub/worker",
      "version": "0.0.0",
      "dependencies": {
        "@university-hub/shared": "*"
      }
    },
    "node_modules/@university-hub/shared": {
      "resolved": "packages/shared",
      "link": true
    },
    "node_modules/@university-hub/web": {
      "resolved": "apps/web",
      "link": true
    },
    "node_modules/@university-hub/worker": {
      "resolved": "apps/worker",
      "link": true
    },
    "node_modules/typescript": {
      "version": "5.6.3",
      "resolved": "https://registry.npmjs.org/typescript/-/typescript-5.6.3.tgz",
      "integrity": "sha512-hjcS1mhfuyi4WW8IWtjP7brDrG2cuDZukyrYrSauoXGNgx0S7zceP07adYkJycEr56BOUTNPzbInooiN3fn1qw==",
      "dev": true,
      "bin": {
        "tsc": "bin/tsc",
        "tsserver": "bin/tsserver"
      },
      "engines": {
        "node": ">=14.17"
      }
    },
    "packages/shared": {
      "name": "@university-hub/shared",
      "version": "0.0.0"
    }
  }
}
